// !$*UTF8*$!
{
	archiveVersion = 1;
	classes = {
	};
	objectVersion = 46;
	objects = {

/* Begin PBXBuildFile section */
		47609CC81C58D40D00C0390A /* main.m in Sources */ = {isa = PBXBuildFile; fileRef = 47609CC71C58D40D00C0390A /* main.m */; };
		47609CCB1C58D40D00C0390A /* AppDelegate.m in Sources */ = {isa = PBXBuildFile; fileRef = 47609CCA1C58D40D00C0390A /* AppDelegate.m */; };
		47609CCE1C58D40D00C0390A /* ViewController.m in Sources */ = {isa = PBXBuildFile; fileRef = 47609CCD1C58D40D00C0390A /* ViewController.m */; };
		47609CD11C58D40D00C0390A /* Main.storyboard in Resources */ = {isa = PBXBuildFile; fileRef = 47609CCF1C58D40D00C0390A /* Main.storyboard */; };
		47609CD31C58D40D00C0390A /* Assets.xcassets in Resources */ = {isa = PBXBuildFile; fileRef = 47609CD21C58D40D00C0390A /* Assets.xcassets */; };
		47609CD61C58D40D00C0390A /* LaunchScreen.storyboard in Resources */ = {isa = PBXBuildFile; fileRef = 47609CD41C58D40D00C0390A /* LaunchScreen.storyboard */; };
/* End PBXBuildFile section */

/* Begin PBXFileReference section */
		47609CC31C58D40D00C0390A /* XappTimeout-Master.app */ = {isa = PBXFileReference; explicitFileType = wrapper.application; includeInIndex = 0; path = "XappTimeout-Master.app"; sourceTree = BUILT_PRODUCTS_DIR; };
		47609CC71C58D40D00C0390A /* main.m */ = {isa = PBXFileReference; lastKnownFileType = sourcecode.c.objc; path = main.m; sourceTree = "<group>"; };
		47609CC91C58D40D00C0390A /* AppDelegate.h */ = {isa = PBXFileReference; lastKnownFileType = sourcecode.c.h; path = AppDelegate.h; sourceTree = "<group>"; };
		47609CCA1C58D40D00C0390A /* AppDelegate.m */ = {isa = PBXFileReference; lastKnownFileType = sourcecode.c.objc; path = AppDelegate.m; sourceTree = "<group>"; };
		47609CCC1C58D40D00C0390A /* ViewController.h */ = {isa = PBXFileReference; lastKnownFileType = sourcecode.c.h; path = ViewController.h; sourceTree = "<group>"; };
		47609CCD1C58D40D00C0390A /* ViewController.m */ = {isa = PBXFileReference; lastKnownFileType = sourcecode.c.objc; path = ViewController.m; sourceTree = "<group>"; };
		47609CD01C58D40D00C0390A /* Base */ = {isa = PBXFileReference; lastKnownFileType = file.storyboard; name = Base; path = Base.lproj/Main.storyboard; sourceTree = "<group>"; };
		47609CD21C58D40D00C0390A /* Assets.xcassets */ = {isa = PBXFileReference; lastKnownFileType = folder.assetcatalog; path = Assets.xcassets; sourceTree = "<group>"; };
		47609CD51C58D40D00C0390A /* Base */ = {isa = PBXFileReference; lastKnownFileType = file.storyboard; name = Base; path = Base.lproj/LaunchScreen.storyboard; sourceTree = "<group>"; };
		47609CD71C58D40D00C0390A /* Info.plist */ = {isa = PBXFileReference; lastKnownFileType = text.plist.xml; path = Info.plist; sourceTree = "<group>"; };
/* End PBXFileReference section */

/* Begin PBXFrameworksBuildPhase section */
		47609CC01C58D40D00C0390A /* Frameworks */ = {
			isa = PBXFrameworksBuildPhase;
			buildActionMask = 2147483647;
			files = (
			);
			runOnlyForDeploymentPostprocessing = 0;
		};
/* End PBXFrameworksBuildPhase section */

/* Begin PBXGroup section */
		47609CBA1C58D40D00C0390A = {
			isa = PBXGroup;
			children = (
				47609CC51C58D40D00C0390A /* XappTimeout-Master */,
				47609CC41C58D40D00C0390A /* Products */,
			);
			sourceTree = "<group>";
		};
		47609CC41C58D40D00C0390A /* Products */ = {
			isa = PBXGroup;
			children = (
				47609CC31C58D40D00C0390A /* XappTimeout-Master.app */,
			);
			name = Products;
			sourceTree = "<group>";
		};
		47609CC51C58D40D00C0390A /* XappTimeout-Master */ = {
			isa = PBXGroup;
			children = (
				47609CC91C58D40D00C0390A /* AppDelegate.h */,
				47609CCA1C58D40D00C0390A /* AppDelegate.m */,
				47609CCC1C58D40D00C0390A /* ViewController.h */,
				47609CCD1C58D40D00C0390A /* ViewController.m */,
				47609CCF1C58D40D00C0390A /* Main.storyboard */,
				47609CD21C58D40D00C0390A /* Assets.xcassets */,
				47609CD41C58D40D00C0390A /* LaunchScreen.storyboard */,
				47609CD71C58D40D00C0390A /* Info.plist */,
				47609CC61C58D40D00C0390A /* Supporting Files */,
			);
			path = "XappTimeout-Master";
			sourceTree = "<group>";
		};
		47609CC61C58D40D00C0390A /* Supporting Files */ = {
			isa = PBXGroup;
			children = (
				47609CC71C58D40D00C0390A /* main.m */,
			);
			name = "Supporting Files";
			sourceTree = "<group>";
		};
/* End PBXGroup section */

/* Begin PBXNativeTarget section */
		47609CC21C58D40D00C0390A /* XappTimeout-Master */ = {
			isa = PBXNativeTarget;
			buildConfigurationList = 47609CDA1C58D40D00C0390A /* Build configuration list for PBXNativeTarget "XappTimeout-Master" */;
			buildPhases = (
				47609CBF1C58D40D00C0390A /* Sources */,
				47609CC01C58D40D00C0390A /* Frameworks */,
				47609CC11C58D40D00C0390A /* Resources */,
			);
			buildRules = (
			);
			dependencies = (
			);
			name = "XappTimeout-Master";
			productName = "XappTimeout-Master";
			productReference = 47609CC31C58D40D00C0390A /* XappTimeout-Master.app */;
			productType = "com.apple.product-type.application";
		};
/* End PBXNativeTarget section */

/* Begin PBXProject section */
		47609CBB1C58D40D00C0390A /* Project object */ = {
			isa = PBXProject;
			attributes = {
				LastUpgradeCheck = 0720;
				ORGANIZATIONNAME = "薛永伟";
				TargetAttributes = {
					47609CC21C58D40D00C0390A = {
						CreatedOnToolsVersion = 7.2;
					};
				};
			};
			buildConfigurationList = 47609CBE1C58D40D00C0390A /* Build configuration list for PBXProject "XappTimeout-Master" */;
			compatibilityVersion = "Xcode 3.2";
			developmentRegion = English;
			hasScannedForEncodings = 0;
			knownRegions = (
				en,
				Base,
			);
			mainGroup = 47609CBA1C58D40D00C0390A;
			productRefGroup = 47609CC41C58D40D00C0390A /* Products */;
			projectDirPath = "";
			projectRoot = "";
			targets = (
				47609CC21C58D40D00C0390A /* XappTimeout-Master */,
			);
		};
/* End PBXProject section */

/* Begin PBXResourcesBuildPhase section */
		47609CC11C58D40D00C0390A /* Resources */ = {
			isa = PBXResourcesBuildPhase;
			buildActionMask = 2147483647;
			files = (
				47609CD61C58D40D00C0390A /* LaunchScreen.storyboard in Resources */,
				47609CD31C58D40D00C0390A /* Assets.xcassets in Resources */,
				47609CD11C58D40D00C0390A /* Main.storyboard in Resources */,
			);
			runOnlyForDeploymentPostprocessing = 0;
		};
/* End PBXResourcesBuildPhase section */

/* Begin PBXSourcesBuildPhase section */
		47609CBF1C58D40D00C0390A /* Sources */ = {
			isa = PBXSourcesBuildPhase;
			buildActionMask = 2147483647;
			files = (
				47609CCE1C58D40D00C0390A /* ViewController.m in Sources */,
				47609CCB1C58D40D00C0390A /* AppDelegate.m in Sources */,
				47609CC81C58D40D00C0390A /* main.m in Sources */,
			);
			runOnlyForDeploymentPostprocessing = 0;
		};
/* End PBXSourcesBuildPhase section */

/* Begin PBXVariantGroup section */
		47609CCF1C58D40D00C0390A /* Main.storyboard */ = {
			isa = PBXVariantGroup;
			children = (
				47609CD01C58D40D00C0390A /* Base */,
			);
			name = Main.storyboard;
			sourceTree = "<group>";
		};
		47609CD41C58D40D00C0390A /* LaunchScreen.storyboard */ = {
			isa = PBXVariantGroup;
			children = (
				47609CD51C58D40D00C0390A /* Base */,
			);
			name = LaunchScreen.storyboard;
			sourceTree = "<group>";
		};
/* End PBXVariantGroup section */

/* Begin XCBuildConfiguration section */
		47609CD81C58D40D00C0390A /* Debug */ = {
			isa = XCBuildConfiguration;
			buildSettings = {
				ALWAYS_SEARCH_USER_PATHS = NO;
				CLANG_CXX_LANGUAGE_STANDARD = "gnu++0x";
				CLANG_CXX_LIBRARY = "libc++";
				CLANG_ENABLE_MODULES = YES;
				CLANG_ENABLE_OBJC_ARC = YES;
				CLANG_WARN_BOOL_CONVERSION = YES;
				CLANG_WARN_CONSTANT_CONVERSION = YES;
				CLANG_WARN_DIRECT_OBJC_ISA_USAGE = YES_ERROR;
				CLANG_WARN_EMPTY_BODY = YES;
				CLANG_WARN_ENUM_CONVERSION = YES;
				CLANG_WARN_INT_CONVERSION = YES;
				CLANG_WARN_OBJC_ROOT_CLASS = YES_ERROR;
				CLANG_WARN_UNREACHABLE_CODE = YES;
				CLANG_WARN__DUPLICATE_METHOD_MATCH = YES;
				"CODE_SIGN_IDENTITY[sdk=iphoneos*]" = "iPhone Developer";
				COPY_PHASE_STRIP = NO;
				DEBUG_INFORMATION_FORMAT = dwarf;
				ENABLE_STRICT_OBJC_MSGSEND = YES;
				ENABLE_TESTABILITY = YES;
				GCC_C_LANGUAGE_STANDARD = gnu99;
				GCC_DYNAMIC_NO_PIC = NO;
				GCC_NO_COMMON_BLOCKS = YES;
				GCC_OPTIMIZATION_LEVEL = 0;
				GCC_PREPROCESSOR_DEFINITIONS = (
					"DEBUG=1",
					"$(inherited)",
				);
				GCC_WARN_64_TO_32_BIT_CONVERSION = YES;
				GCC_WARN_ABOUT_RETURN_TYPE = YES_ERROR;
				GCC_WARN_UNDECLARED_SELECTOR = YES;
				GCC_WARN_UNINITIALIZED_AUTOS = YES_AGGRESSIVE;
				GCC_WARN_UNUSED_FUNCTION = YES;
				GCC_WARN_UNUSED_VARIABLE = YES;
				IPHONEOS_DEPLOYMENT_TARGET = 9.2;
				MTL_ENABLE_DEBUG_INFO = YES;
				ONLY_ACTIVE_ARCH = YES;
				SDKROOT = iphoneos;
			};
			name = Debug;
		};
		47609CD91C58D40D00C0390A /* Release */ = {
			isa = XCBuildConfiguration;
			buildSettings = {
				ALWAYS_SEARCH_USER_PATHS = NO;
				CLANG_CXX_LANGUAGE_STANDARD = "gnu++0x";
				CLANG_CXX_LIBRARY = "libc++";
				CLANG_ENABLE_MODULES = YES;
				CLANG_ENABLE_OBJC_ARC = YES;
				CLANG_WARN_BOOL_CONVERSION = YES;
				CLANG_WARN_CONSTANT_CONVERSION = YES;
				CLANG_WARN_DIRECT_OBJC_ISA_USAGE = YES_ERROR;
				CLANG_WARN_EMPTY_BODY = YES;
				CLANG_WARN_ENUM_CONVERSION = YES;
				CLANG_WARN_INT_CONVERSION = YES;
				CLANG_WARN_OBJC_ROOT_CLASS = YES_ERROR;
				CLANG_WARN_UNREACHABLE_CODE = YES;
				CLANG_WARN__DUPLICATE_METHOD_MATCH = YES;
				"CODE_SIGN_IDENTITY[sdk=iphoneos*]" = "iPhone Developer";
				COPY_PHASE_STRIP = NO;
				DEBUG_INFORMATION_FORMAT = "dwarf-with-dsym";
				ENABLE_NS_ASSERTIONS = NO;
				ENABLE_STRICT_OBJC_MSGSEND = YES;
				GCC_C_LANGUAGE_STANDARD = gnu99;
				GCC_NO_COMMON_BLOCKS = YES;
				GCC_WARN_64_TO_32_BIT_CONVERSION = YES;
				GCC_WARN_ABOUT_RETURN_TYPE = YES_ERROR;
				GCC_WARN_UNDECLARED_SELECTOR = YES;
				GCC_WARN_UNINITIALIZED_AUTOS = YES_AGGRESSIVE;
				GCC_WARN_UNUSED_FUNCTION = YES;
				GCC_WARN_UNUSED_VARIABLE = YES;
				IPHONEOS_DEPLOYMENT_TARGET = 9.2;
				MTL_ENABLE_DEBUG_INFO = NO;
				SDKROOT = iphoneos;
				VALIDATE_PRODUCT = YES;
			};
			name = Release;
		};
		47609CDB1C58D40D00C0390A /* Debug */ = {
			isa = XCBuildConfiguration;
			buildSettings = {
				ASSETCATALOG_COMPILER_APPICON_NAME = AppIcon;
				INFOPLIST_FILE = "XappTimeout-Master/Info.plist";
				LD_RUNPATH_SEARCH_PATHS = "$(inherited) @executable_path/Frameworks";
				PRODUCT_BUNDLE_IDENTIFIER = "pub.xyw.XappTimeout-Master";
				PRODUCT_NAME = "$(TARGET_NAME)";
			};
			name = Debug;
		};
		47609CDC1C58D40D00C0390A /* Release */ = {
			isa = XCBuildConfiguration;
			buildSettings = {
				ASSETCATALOG_COMPILER_APPICON_NAME = AppIcon;
				INFOPLIST_FILE = "XappTimeout-Master/Info.plist";
				LD_RUNPATH_SEARCH_PATHS = "$(inherited) @executable_path/Frameworks";
				PRODUCT_BUNDLE_IDENTIFIER = "pub.xyw.XappTimeout-Master";
				PRODUCT_NAME = "$(TARGET_NAME)";
			};
			name = Release;
		};
/* End XCBuildConfiguration section */

/* Begin XCConfigurationList section */
		47609CBE1C58D40D00C0390A /* Build configuration list for PBXProject "XappTimeout-Master" */ = {
			isa = XCConfigurationList;
			buildConfigurations = (
				47609CD81C58D40D00C0390A /* Debug */,
				47609CD91C58D40D00C0390A /* Release */,
			);
			defaultConfigurationIsVisible = 0;
			defaultConfigurationName = Release;
		};
		47609CDA1C58D40D00C0390A /* Build configuration list for PBXNativeTarget "XappTimeout-Master" */ = {
			isa = XCConfigurationList;
			buildConfigurations = (
				47609CDB1C58D40D00C0390A /* Debug */,
				47609CDC1C58D40D00C0390A /* Release */,
			);
			defaultConfigurationIsVisible = 0;
		};
/* End XCConfigurationList section */
	};
	rootObject = 47609CBB1C58D40D00C0390A /* Project object */;
}
